
Microsoft Visual Studio Solution File, Format Version 12.00
# Visual Studio 14
VisualStudioVersion = 14.0.25420.1
MinimumVisualStudioVersion = 10.0.40219.1
Project("{FAE04EC0-301F-11D3-BF4B-00C04F79EFBC}") = "ProducerConsumer", "ProducerConsumer\ProducerConsumer.csproj", "{64F5FA37-985F-46E9-B95F-8BB6851B655B}"
EndProject
Project("{FAE04EC0-301F-11D3-BF4B-00C04F79EFBC}") = "ProducerConsumer.Test", "ProducerConsumer.Test\ProducerConsumer.Test.csproj", "{BE476B91-95EE-411B-9B7B-1B8CE24B869D}"
EndProject
Global
	GlobalSection(SolutionConfigurationPlatforms) = preSolution
		Debug|Any CPU = Debug|Any CPU
		Release|Any CPU = Release|Any CPU
	EndGlobalSection
	GlobalSection(ProjectConfigurationPlatforms) = postSolution
		{64F5FA37-985F-46E9-B95F-8BB6851B655B}.Debug|Any CPU.ActiveCfg = Debug|Any CPU
		{64F5FA37-985F-46E9-B95F-8BB6851B655B}.Debug|Any CPU.Build.0 = Debug|Any CPU
		{64F5FA37-985F-46E9-B95F-8BB6851B655B}.Release|Any CPU.ActiveCfg = Release|Any CPU
		{64F5FA37-985F-46E9-B95F-8BB6851B655B}.Release|Any CPU.Build.0 = Release|Any CPU
		{BE476B91-95EE-411B-9B7B-1B8CE24B869D}.Debug|Any CPU.ActiveCfg = Debug|Any CPU
		{BE476B91-95EE-411B-9B7B-1B8CE24B869D}.Debug|Any CPU.Build.0 = Debug|Any CPU
		{BE476B91-95EE-411B-9B7B-1B8CE24B869D}.Release|Any CPU.ActiveCfg = Release|Any CPU
		{BE476B91-95EE-411B-9B7B-1B8CE24B869D}.Release|Any CPU.Build.0 = Release|Any CPU
	EndGlobalSection
	GlobalSection(SolutionProperties) = preSolution
		HideSolutionNode = FALSE
	EndGlobalSection
EndGlobal
